
Microsoft Visual Studio Solution File, Format Version 12.00
# Visual Studio 15
VisualStudioVersion = 15.0.27130.2027
MinimumVisualStudioVersion = 10.0.40219.1
Project("{9A19103F-16F7-4668-BE54-9A1E7A4F7556}") = "Azurebrains.Storage", "Azurebrains.Storage\Azurebrains.Storage.csproj", "{23E9EB4E-5A38-43FD-A968-93A986A05AEB}"
EndProject
Project("{9A19103F-16F7-4668-BE54-9A1E7A4F7556}") = "Azurebrains.Storage.XplatConsole", "Azurebrains.Storage.XplatConsole\Azurebrains.Storage.XplatConsole.csproj", "{82107BF7-B895-44B0-8EEF-354A7248776A}"
EndProject
Project("{9A19103F-16F7-4668-BE54-9A1E7A4F7556}") = "Azurebrains.ValetKey.WebAPI", "Azurebrains.ValetKey.WebAPI\Azurebrains.ValetKey.WebAPI.csproj", "{29519DC2-0B2B-4649-BE15-2F84C4B1F387}"
EndProject
Project("{E53339B2-1760-4266-BCC7-CA923CBCF16C}") = "docker-compose", "docker-compose.dcproj", "{2F7D6318-9E2D-474E-A37B-3379F5979DA7}"
EndProject
Global
	GlobalSection(SolutionConfigurationPlatforms) = preSolution
		Debug|Any CPU = Debug|Any CPU
		Release|Any CPU = Release|Any CPU
	EndGlobalSection
	GlobalSection(ProjectConfigurationPlatforms) = postSolution
		{23E9EB4E-5A38-43FD-A968-93A986A05AEB}.Debug|Any CPU.ActiveCfg = Debug|Any CPU
		{23E9EB4E-5A38-43FD-A968-93A986A05AEB}.Debug|Any CPU.Build.0 = Debug|Any CPU
		{23E9EB4E-5A38-43FD-A968-93A986A05AEB}.Release|Any CPU.ActiveCfg = Release|Any CPU
		{23E9EB4E-5A38-43FD-A968-93A986A05AEB}.Release|Any CPU.Build.0 = Release|Any CPU
		{82107BF7-B895-44B0-8EEF-354A7248776A}.Debug|Any CPU.ActiveCfg = Debug|Any CPU
		{82107BF7-B895-44B0-8EEF-354A7248776A}.Debug|Any CPU.Build.0 = Debug|Any CPU
		{82107BF7-B895-44B0-8EEF-354A7248776A}.Release|Any CPU.ActiveCfg = Release|Any CPU
		{82107BF7-B895-44B0-8EEF-354A7248776A}.Release|Any CPU.Build.0 = Release|Any CPU
		{29519DC2-0B2B-4649-BE15-2F84C4B1F387}.Debug|Any CPU.ActiveCfg = Debug|Any CPU
		{29519DC2-0B2B-4649-BE15-2F84C4B1F387}.Debug|Any CPU.Build.0 = Debug|Any CPU
		{29519DC2-0B2B-4649-BE15-2F84C4B1F387}.Release|Any CPU.ActiveCfg = Release|Any CPU
		{29519DC2-0B2B-4649-BE15-2F84C4B1F387}.Release|Any CPU.Build.0 = Release|Any CPU
		{2F7D6318-9E2D-474E-A37B-3379F5979DA7}.Debug|Any CPU.ActiveCfg = Debug|Any CPU
		{2F7D6318-9E2D-474E-A37B-3379F5979DA7}.Debug|Any CPU.Build.0 = Debug|Any CPU
		{2F7D6318-9E2D-474E-A37B-3379F5979DA7}.Release|Any CPU.ActiveCfg = Release|Any CPU
		{2F7D6318-9E2D-474E-A37B-3379F5979DA7}.Release|Any CPU.Build.0 = Release|Any CPU
	EndGlobalSection
	GlobalSection(SolutionProperties) = preSolution
		HideSolutionNode = FALSE
	EndGlobalSection
	GlobalSection(ExtensibilityGlobals) = postSolution
		SolutionGuid = {14ECF3CD-C32F-4DFF-AED9-2F0D02529D3D}
	EndGlobalSection
EndGlobal
